
Microsoft Visual Studio Solution File, Format Version 12.00
# Visual Studio Version 17
VisualStudioVersion = 17.14.36414.22 d17.14
MinimumVisualStudioVersion = 10.0.40219.1
Project("{FAE04EC0-301F-11D3-BF4B-00C04F79EFBC}") = "Firmador-API", "Firmador-API\Firmador-API.csproj", "{44C6C3ED-C350-4332-8C7E-B84310D3DA3A}"
EndProject
Global
	GlobalSection(SolutionConfigurationPlatforms) = preSolution
		Debug|Any CPU = Debug|Any CPU
		Release|Any CPU = Release|Any CPU
	EndGlobalSection
	GlobalSection(ProjectConfigurationPlatforms) = postSolution
		{44C6C3ED-C350-4332-8C7E-B84310D3DA3A}.Debug|Any CPU.ActiveCfg = Debug|Any CPU
		{44C6C3ED-C350-4332-8C7E-B84310D3DA3A}.Debug|Any CPU.Build.0 = Debug|Any CPU
		{44C6C3ED-C350-4332-8C7E-B84310D3DA3A}.Release|Any CPU.ActiveCfg = Release|Any CPU
		{44C6C3ED-C350-4332-8C7E-B84310D3DA3A}.Release|Any CPU.Build.0 = Release|Any CPU
	EndGlobalSection
	GlobalSection(SolutionProperties) = preSolution
		HideSolutionNode = FALSE
	EndGlobalSection
	GlobalSection(ExtensibilityGlobals) = postSolution
		SolutionGuid = {A759D283-1360-4A3D-9CD2-53A90DCA2A9E}
	EndGlobalSection
EndGlobal
